{
  "name": "taskmanager",
  "version": "1.0.0",
  "lockfileVersion": 3,
  "requires": true,
  "packages": {
    "": {
      "name": "taskmanager",
      "version": "1.0.0",
      "license": "ISC",
      "dependencies": {
        "node": "^26.8.1"
      },
      "devDependencies": {
        "tailwindcss": "^4.3.3"
      }
    },
    "node_modules/node": {
      "version": "26.8.1",
      "resolved": "https://registry.npmjs.org/node/-/node-26.8.1.tgz",
      "integrity": "sha512-nmHy6P+rwsyfiijgUmrTn6QAGCWe0YBFNDD0WdYqw64MHDzaN5MV+iW4vMV1OaUQZKpbK9OIW8mt26HkA90pMw==",
      "hasInstallScript": true,
      "license": "MIT",
      "dependencies": {
        "node-bin-setup": "^1.0.0"
      },
      "bin": {
        "node": "bin/node"
      },
      "engines": {
        "npm": ">=5.0.0"
      }
    },
    "node_modules/node-bin-setup": {
      "version": "1.1.4",
      "resolved": "https://registry.npmjs.org/node-bin-setup/-/node-bin-setup-1.1.4.tgz",
      "integrity": "sha512-vWNHOne0ZUavArqPP5LJta50+S8R261Fr5SvGul37HbEDcowvLjwdvd0ZeSr0r2lTSrPxl6okq9QUw8BFGiAxA==",
      "license": "ISC"
    },
    "node_modules/tailwindcss": {
      "version": "4.3.3",
      "resolved": "https://registry.npmjs.org/tailwindcss/-/tailwindcss-4.3.3.tgz",
      "integrity": "sha512-gOhV3P7ufE62QDGg1zVaTgCR+EtPv92k2nIhVcVKcLmxT1sUBsQGhnZj175j+MqRt4zLF7ic+sCYjfhxMxj7YQ==",
      "dev": true,
      "license": "MIT"
    }
  }
}
